// !$*UTF8*$!
{
	archiveVersion = 1;
	classes = {
	};
	objectVersion = 50;
	objects = {

/* Begin PBXBuildFile section */
		D047A2DF20DAF8B5002954D1 /* AppDelegate.swift in Sources */ = {isa = PBXBuildFile; fileRef = D047A2DE20DAF8B5002954D1 /* AppDelegate.swift */; };
		D047A2E420DAF8B5002954D1 /* Main.storyboard in Resources */ = {isa = PBXBuildFile; fileRef = D047A2E220DAF8B5002954D1 /* Main.storyboard */; };
		D047A2E620DAF8B5002954D1 /* Assets.xcassets in Resources */ = {isa = PBXBuildFile; fileRef = D047A2E520DAF8B5002954D1 /* Assets.xcassets */; };
		D047A2E920DAF8B5002954D1 /* LaunchScreen.storyboard in Resources */ = {isa = PBXBuildFile; fileRef = D047A2E720DAF8B5002954D1 /* LaunchScreen.storyboard */; };
		D047A2F120DAF8E7002954D1 /* StudentsViewController.swift in Sources */ = {isa = PBXBuildFile; fileRef = D047A2F020DAF8E7002954D1 /* StudentsViewController.swift */; };
		D047A2F320DAF9C6002954D1 /* Student.swift in Sources */ = {isa = PBXBuildFile; fileRef = D047A2F220DAF9C6002954D1 /* Student.swift */; };
		D047A2F520DAFC3E002954D1 /* StudentData.swift in Sources */ = {isa = PBXBuildFile; fileRef = D047A2F420DAFC3E002954D1 /* StudentData.swift */; };
		D0F6262320DC290C00D078A7 /* Services.swift in Sources */ = {isa = PBXBuildFile; fileRef = D0F6261B20DC290C00D078A7 /* Services.swift */; };
		D0F6262420DC290C00D078A7 /* Services.plist in Resources */ = {isa = PBXBuildFile; fileRef = D0F6262220DC290C00D078A7 /* Services.plist */; };
		D0F6262620DC2B1900D078A7 /* WebViewController.swift in Sources */ = {isa = PBXBuildFile; fileRef = D0F6262520DC2B1900D078A7 /* WebViewController.swift */; };
		D0F6262820DC2B5700D078A7 /* Storyboards.swift in Sources */ = {isa = PBXBuildFile; fileRef = D0F6262720DC2B5700D078A7 /* Storyboards.swift */; };
		D0F6262A20DC2B7700D078A7 /* FormViewController.swift in Sources */ = {isa = PBXBuildFile; fileRef = D0F6262920DC2B7700D078A7 /* FormViewController.swift */; };
/* End PBXBuildFile section */

/* Begin PBXContainerItemProxy section */
		D062F9EE20DBDB1700FD5C46 /* PBXContainerItemProxy */ = {
			isa = PBXContainerItemProxy;
			containerPortal = D062F9E420DBDB1700FD5C46 /* OAuthSwift.xcodeproj */;
			proxyType = 2;
			remoteGlobalIDString = F435027A1A6791B200038A29;
			remoteInfo = OAuthSwift;
		};
		D062F9F020DBDB1700FD5C46 /* PBXContainerItemProxy */ = {
			isa = PBXContainerItemProxy;
			containerPortal = D062F9E420DBDB1700FD5C46 /* OAuthSwift.xcodeproj */;
			proxyType = 2;
			remoteGlobalIDString = C48B28021AFA598D00C7DEF6;
			remoteInfo = OAuthSwiftOSX;
		};
		D062F9F220DBDB1700FD5C46 /* PBXContainerItemProxy */ = {
			isa = PBXContainerItemProxy;
			containerPortal = D062F9E420DBDB1700FD5C46 /* OAuthSwift.xcodeproj */;
			proxyType = 2;
			remoteGlobalIDString = C4B6EE1E1BF74CE300443596;
			remoteInfo = OAuthSwiftTVOS;
		};
		D062F9F420DBDB1700FD5C46 /* PBXContainerItemProxy */ = {
			isa = PBXContainerItemProxy;
			containerPortal = D062F9E420DBDB1700FD5C46 /* OAuthSwift.xcodeproj */;
			proxyType = 2;
			remoteGlobalIDString = C40890C01C11B37000E3146A;
			remoteInfo = OAuthSwiftWatchOS;
		};
		D062F9F620DBDB1700FD5C46 /* PBXContainerItemProxy */ = {
			isa = PBXContainerItemProxy;
			containerPortal = D062F9E420DBDB1700FD5C46 /* OAuthSwift.xcodeproj */;
			proxyType = 2;
			remoteGlobalIDString = F451E3C5195B8CD80051434C;
			remoteInfo = OAuthSwiftDemo;
		};
		D062F9F820DBDB1700FD5C46 /* PBXContainerItemProxy */ = {
			isa = PBXContainerItemProxy;
			containerPortal = D062F9E420DBDB1700FD5C46 /* OAuthSwift.xcodeproj */;
			proxyType = 2;
			remoteGlobalIDString = C49FD5241AFB5DF500791E1A;
			remoteInfo = OAuthSwiftOSXDemo;
		};
		D062F9FA20DBDB1700FD5C46 /* PBXContainerItemProxy */ = {
			isa = PBXContainerItemProxy;
			containerPortal = D062F9E420DBDB1700FD5C46 /* OAuthSwift.xcodeproj */;
			proxyType = 2;
			remoteGlobalIDString = C4D50DF71BFB693F0053B624;
			remoteInfo = OAuthSwiftTests;
		};
		D062F9FC20DBDB2A00FD5C46 /* PBXContainerItemProxy */ = {
			isa = PBXContainerItemProxy;
			containerPortal = D062F9E420DBDB1700FD5C46 /* OAuthSwift.xcodeproj */;
			proxyType = 1;
			remoteGlobalIDString = F43502791A6791B200038A29;
			remoteInfo = OAuthSwift;
		};
/* End PBXContainerItemProxy section */

/* Begin PBXFileReference section */
		D047A2DB20DAF8B5002954D1 /* KhanCoach.app */ = {isa = PBXFileReference; explicitFileType = wrapper.application; includeInIndex = 0; path = KhanCoach.app; sourceTree = BUILT_PRODUCTS_DIR; };
		D047A2DE20DAF8B5002954D1 /* AppDelegate.swift */ = {isa = PBXFileReference; lastKnownFileType = sourcecode.swift; path = AppDelegate.swift; sourceTree = "<group>"; };
		D047A2E320DAF8B5002954D1 /* Base */ = {isa = PBXFileReference; lastKnownFileType = file.storyboard; name = Base; path = Base.lproj/Main.storyboard; sourceTree = "<group>"; };
		D047A2E520DAF8B5002954D1 /* Assets.xcassets */ = {isa = PBXFileReference; lastKnownFileType = folder.assetcatalog; path = Assets.xcassets; sourceTree = "<group>"; };
		D047A2E820DAF8B5002954D1 /* Base */ = {isa = PBXFileReference; lastKnownFileType = file.storyboard; name = Base; path = Base.lproj/LaunchScreen.storyboard; sourceTree = "<group>"; };
		D047A2EA20DAF8B5002954D1 /* Info.plist */ = {isa = PBXFileReference; lastKnownFileType = text.plist.xml; path = Info.plist; sourceTree = "<group>"; };
		D047A2F020DAF8E7002954D1 /* StudentsViewController.swift */ = {isa = PBXFileReference; lastKnownFileType = sourcecode.swift; path = StudentsViewController.swift; sourceTree = "<group>"; };
		D047A2F220DAF9C6002954D1 /* Student.swift */ = {isa = PBXFileReference; lastKnownFileType = sourcecode.swift; path = Student.swift; sourceTree = "<group>"; };
		D047A2F420DAFC3E002954D1 /* StudentData.swift */ = {isa = PBXFileReference; lastKnownFileType = sourcecode.swift; path = StudentData.swift; sourceTree = "<group>"; };
		D062F9E420DBDB1700FD5C46 /* OAuthSwift.xcodeproj */ = {isa = PBXFileReference; lastKnownFileType = "wrapper.pb-project"; name = OAuthSwift.xcodeproj; path = "OAuthSwift-master/OAuthSwift.xcodeproj"; sourceTree = "<group>"; };
		D0F6261B20DC290C00D078A7 /* Services.swift */ = {isa = PBXFileReference; fileEncoding = 4; lastKnownFileType = sourcecode.swift; path = Services.swift; sourceTree = "<group>"; };
		D0F6262220DC290C00D078A7 /* Services.plist */ = {isa = PBXFileReference; fileEncoding = 4; lastKnownFileType = text.plist.xml; path = Services.plist; sourceTree = "<group>"; };
		D0F6262520DC2B1900D078A7 /* WebViewController.swift */ = {isa = PBXFileReference; fileEncoding = 4; lastKnownFileType = sourcecode.swift; path = WebViewController.swift; sourceTree = "<group>"; };
		D0F6262720DC2B5700D078A7 /* Storyboards.swift */ = {isa = PBXFileReference; fileEncoding = 4; lastKnownFileType = sourcecode.swift; path = Storyboards.swift; sourceTree = "<group>"; };
		D0F6262920DC2B7700D078A7 /* FormViewController.swift */ = {isa = PBXFileReference; fileEncoding = 4; lastKnownFileType = sourcecode.swift; path = FormViewController.swift; sourceTree = "<group>"; };
/* End PBXFileReference section */

/* Begin PBXFrameworksBuildPhase section */
		D047A2D820DAF8B4002954D1 /* Frameworks */ = {
			isa = PBXFrameworksBuildPhase;
			buildActionMask = 2147483647;
			files = (
			);
			runOnlyForDeploymentPostprocessing = 0;
		};
/* End PBXFrameworksBuildPhase section */

/* Begin PBXGroup section */
		D047A2D220DAF8B4002954D1 = {
			isa = PBXGroup;
			children = (
				D047A2DD20DAF8B5002954D1 /* KhanCoach */,
				D047A2DC20DAF8B5002954D1 /* Products */,
				D062F9E420DBDB1700FD5C46 /* OAuthSwift.xcodeproj */,
			);
			sourceTree = "<group>";
		};
		D047A2DC20DAF8B5002954D1 /* Products */ = {
			isa = PBXGroup;
			children = (
				D047A2DB20DAF8B5002954D1 /* KhanCoach.app */,
			);
			name = Products;
			sourceTree = "<group>";
		};
		D047A2DD20DAF8B5002954D1 /* KhanCoach */ = {
			isa = PBXGroup;
			children = (
				D0F6262220DC290C00D078A7 /* Services.plist */,
				D0F6261B20DC290C00D078A7 /* Services.swift */,
				D047A2F220DAF9C6002954D1 /* Student.swift */,
				D047A2F420DAFC3E002954D1 /* StudentData.swift */,
				D047A2DE20DAF8B5002954D1 /* AppDelegate.swift */,
				D047A2F020DAF8E7002954D1 /* StudentsViewController.swift */,
				D0F6262920DC2B7700D078A7 /* FormViewController.swift */,
				D0F6262720DC2B5700D078A7 /* Storyboards.swift */,
				D0F6262520DC2B1900D078A7 /* WebViewController.swift */,
				D047A2E220DAF8B5002954D1 /* Main.storyboard */,
				D047A2E520DAF8B5002954D1 /* Assets.xcassets */,
				D047A2E720DAF8B5002954D1 /* LaunchScreen.storyboard */,
				D047A2EA20DAF8B5002954D1 /* Info.plist */,
			);
			path = KhanCoach;
			sourceTree = "<group>";
		};
		D062F9E520DBDB1700FD5C46 /* Products */ = {
			isa = PBXGroup;
			children = (
				D062F9EF20DBDB1700FD5C46 /* OAuthSwift.framework */,
				D062F9F120DBDB1700FD5C46 /* OAuthSwift.framework */,
				D062F9F320DBDB1700FD5C46 /* OAuthSwift.framework */,
				D062F9F520DBDB1700FD5C46 /* OAuthSwift.framework */,
				D062F9F720DBDB1700FD5C46 /* OAuthSwiftDemo.app */,
				D062F9F920DBDB1700FD5C46 /* OAuthSwiftOSXDemo.app */,
				D062F9FB20DBDB1700FD5C46 /* OAuthSwiftTests.xctest */,
			);
			name = Products;
			sourceTree = "<group>";
		};
/* End PBXGroup section */

/* Begin PBXNativeTarget section */
		D047A2DA20DAF8B4002954D1 /* KhanCoach */ = {
			isa = PBXNativeTarget;
			buildConfigurationList = D047A2ED20DAF8B5002954D1 /* Build configuration list for PBXNativeTarget "KhanCoach" */;
			buildPhases = (
				D047A2D720DAF8B4002954D1 /* Sources */,
				D047A2D820DAF8B4002954D1 /* Frameworks */,
				D047A2D920DAF8B4002954D1 /* Resources */,
			);
			buildRules = (
			);
			dependencies = (
				D062F9FD20DBDB2A00FD5C46 /* PBXTargetDependency */,
			);
			name = KhanCoach;
			productName = KhanCoach;
			productReference = D047A2DB20DAF8B5002954D1 /* KhanCoach.app */;
			productType = "com.apple.product-type.application";
		};
/* End PBXNativeTarget section */

/* Begin PBXProject section */
		D047A2D320DAF8B4002954D1 /* Project object */ = {
			isa = PBXProject;
			attributes = {
				LastSwiftUpdateCheck = 0940;
				LastUpgradeCheck = 0940;
				ORGANIZATIONNAME = "Matt Green";
				TargetAttributes = {
					D047A2DA20DAF8B4002954D1 = {
						CreatedOnToolsVersion = 9.4;
					};
				};
			};
			buildConfigurationList = D047A2D620DAF8B4002954D1 /* Build configuration list for PBXProject "KhanCoach" */;
			compatibilityVersion = "Xcode 9.3";
			developmentRegion = en;
			hasScannedForEncodings = 0;
			knownRegions = (
				en,
				Base,
			);
			mainGroup = D047A2D220DAF8B4002954D1;
			productRefGroup = D047A2DC20DAF8B5002954D1 /* Products */;
			projectDirPath = "";
			projectReferences = (
				{
					ProductGroup = D062F9E520DBDB1700FD5C46 /* Products */;
					ProjectRef = D062F9E420DBDB1700FD5C46 /* OAuthSwift.xcodeproj */;
				},
			);
			projectRoot = "";
			targets = (
				D047A2DA20DAF8B4002954D1 /* KhanCoach */,
			);
		};
/* End PBXProject section */

/* Begin PBXReferenceProxy section */
		D062F9EF20DBDB1700FD5C46 /* OAuthSwift.framework */ = {
			isa = PBXReferenceProxy;
			fileType = wrapper.framework;
			path = OAuthSwift.framework;
			remoteRef = D062F9EE20DBDB1700FD5C46 /* PBXContainerItemProxy */;
			sourceTree = BUILT_PRODUCTS_DIR;
		};
		D062F9F120DBDB1700FD5C46 /* OAuthSwift.framework */ = {
			isa = PBXReferenceProxy;
			fileType = wrapper.framework;
			path = OAuthSwift.framework;
			remoteRef = D062F9F020DBDB1700FD5C46 /* PBXContainerItemProxy */;
			sourceTree = BUILT_PRODUCTS_DIR;
		};
		D062F9F320DBDB1700FD5C46 /* OAuthSwift.framework */ = {
			isa = PBXReferenceProxy;
			fileType = wrapper.framework;
			path = OAuthSwift.framework;
			remoteRef = D062F9F220DBDB1700FD5C46 /* PBXContainerItemProxy */;
			sourceTree = BUILT_PRODUCTS_DIR;
		};
		D062F9F520DBDB1700FD5C46 /* OAuthSwift.framework */ = {
			isa = PBXReferenceProxy;
			fileType = wrapper.framework;
			path = OAuthSwift.framework;
			remoteRef = D062F9F420DBDB1700FD5C46 /* PBXContainerItemProxy */;
			sourceTree = BUILT_PRODUCTS_DIR;
		};
		D062F9F720DBDB1700FD5C46 /* OAuthSwiftDemo.app */ = {
			isa = PBXReferenceProxy;
			fileType = wrapper.application;
			path = OAuthSwiftDemo.app;
			remoteRef = D062F9F620DBDB1700FD5C46 /* PBXContainerItemProxy */;
			sourceTree = BUILT_PRODUCTS_DIR;
		};
		D062F9F920DBDB1700FD5C46 /* OAuthSwiftOSXDemo.app */ = {
			isa = PBXReferenceProxy;
			fileType = wrapper.application;
			path = OAuthSwiftOSXDemo.app;
			remoteRef = D062F9F820DBDB1700FD5C46 /* PBXContainerItemProxy */;
			sourceTree = BUILT_PRODUCTS_DIR;
		};
		D062F9FB20DBDB1700FD5C46 /* OAuthSwiftTests.xctest */ = {
			isa = PBXReferenceProxy;
			fileType = wrapper.cfbundle;
			path = OAuthSwiftTests.xctest;
			remoteRef = D062F9FA20DBDB1700FD5C46 /* PBXContainerItemProxy */;
			sourceTree = BUILT_PRODUCTS_DIR;
		};
/* End PBXReferenceProxy section */

/* Begin PBXResourcesBuildPhase section */
		D047A2D920DAF8B4002954D1 /* Resources */ = {
			isa = PBXResourcesBuildPhase;
			buildActionMask = 2147483647;
			files = (
				D0F6262420DC290C00D078A7 /* Services.plist in Resources */,
				D047A2E920DAF8B5002954D1 /* LaunchScreen.storyboard in Resources */,
				D047A2E620DAF8B5002954D1 /* Assets.xcassets in Resources */,
				D047A2E420DAF8B5002954D1 /* Main.storyboard in Resources */,
			);
			runOnlyForDeploymentPostprocessing = 0;
		};
/* End PBXResourcesBuildPhase section */

/* Begin PBXSourcesBuildPhase section */
		D047A2D720DAF8B4002954D1 /* Sources */ = {
			isa = PBXSourcesBuildPhase;
			buildActionMask = 2147483647;
			files = (
				D0F6262320DC290C00D078A7 /* Services.swift in Sources */,
				D0F6262620DC2B1900D078A7 /* WebViewController.swift in Sources */,
				D047A2DF20DAF8B5002954D1 /* AppDelegate.swift in Sources */,
				D047A2F520DAFC3E002954D1 /* StudentData.swift in Sources */,
				D047A2F320DAF9C6002954D1 /* Student.swift in Sources */,
				D047A2F120DAF8E7002954D1 /* StudentsViewController.swift in Sources */,
				D0F6262A20DC2B7700D078A7 /* FormViewController.swift in Sources */,
				D0F6262820DC2B5700D078A7 /* Storyboards.swift in Sources */,
			);
			runOnlyForDeploymentPostprocessing = 0;
		};
/* End PBXSourcesBuildPhase section */

/* Begin PBXTargetDependency section */
		D062F9FD20DBDB2A00FD5C46 /* PBXTargetDependency */ = {
			isa = PBXTargetDependency;
			name = OAuthSwift;
			targetProxy = D062F9FC20DBDB2A00FD5C46 /* PBXContainerItemProxy */;
		};
/* End PBXTargetDependency section */

/* Begin PBXVariantGroup section */
		D047A2E220DAF8B5002954D1 /* Main.storyboard */ = {
			isa = PBXVariantGroup;
			children = (
				D047A2E320DAF8B5002954D1 /* Base */,
			);
			name = Main.storyboard;
			sourceTree = "<group>";
		};
		D047A2E720DAF8B5002954D1 /* LaunchScreen.storyboard */ = {
			isa = PBXVariantGroup;
			children = (
				D047A2E820DAF8B5002954D1 /* Base */,
			);
			name = LaunchScreen.storyboard;
			sourceTree = "<group>";
		};
/* End PBXVariantGroup section */

/* Begin XCBuildConfiguration section */
		D047A2EB20DAF8B5002954D1 /* Debug */ = {
			isa = XCBuildConfiguration;
			buildSettings = {
				ALWAYS_SEARCH_USER_PATHS = NO;
				CLANG_ANALYZER_NONNULL = YES;
				CLANG_ANALYZER_NUMBER_OBJECT_CONVERSION = YES_AGGRESSIVE;
				CLANG_CXX_LANGUAGE_STANDARD = "gnu++14";
				CLANG_CXX_LIBRARY = "libc++";
				CLANG_ENABLE_MODULES = YES;
				CLANG_ENABLE_OBJC_ARC = YES;
				CLANG_ENABLE_OBJC_WEAK = YES;
				CLANG_WARN_BLOCK_CAPTURE_AUTORELEASING = YES;
				CLANG_WARN_BOOL_CONVERSION = YES;
				CLANG_WARN_COMMA = YES;
				CLANG_WARN_CONSTANT_CONVERSION = YES;
				CLANG_WARN_DEPRECATED_OBJC_IMPLEMENTATIONS = YES;
				CLANG_WARN_DIRECT_OBJC_ISA_USAGE = YES_ERROR;
				CLANG_WARN_DOCUMENTATION_COMMENTS = YES;
				CLANG_WARN_EMPTY_BODY = YES;
				CLANG_WARN_ENUM_CONVERSION = YES;
				CLANG_WARN_INFINITE_RECURSION = YES;
				CLANG_WARN_INT_CONVERSION = YES;
				CLANG_WARN_NON_LITERAL_NULL_CONVERSION = YES;
				CLANG_WARN_OBJC_IMPLICIT_RETAIN_SELF = YES;
				CLANG_WARN_OBJC_LITERAL_CONVERSION = YES;
				CLANG_WARN_OBJC_ROOT_CLASS = YES_ERROR;
				CLANG_WARN_RANGE_LOOP_ANALYSIS = YES;
				CLANG_WARN_STRICT_PROTOTYPES = YES;
				CLANG_WARN_SUSPICIOUS_MOVE = YES;
				CLANG_WARN_UNGUARDED_AVAILABILITY = YES_AGGRESSIVE;
				CLANG_WARN_UNREACHABLE_CODE = YES;
				CLANG_WARN__DUPLICATE_METHOD_MATCH = YES;
				CODE_SIGN_IDENTITY = "iPhone Developer";
				COPY_PHASE_STRIP = NO;
				DEBUG_INFORMATION_FORMAT = dwarf;
				ENABLE_STRICT_OBJC_MSGSEND = YES;
				ENABLE_TESTABILITY = YES;
				GCC_C_LANGUAGE_STANDARD = gnu11;
				GCC_DYNAMIC_NO_PIC = NO;
				GCC_NO_COMMON_BLOCKS = YES;
				GCC_OPTIMIZATION_LEVEL = 0;
				GCC_PREPROCESSOR_DEFINITIONS = (
					"DEBUG=1",
					"$(inherited)",
				);
				GCC_WARN_64_TO_32_BIT_CONVERSION = YES;
				GCC_WARN_ABOUT_RETURN_TYPE = YES_ERROR;
				GCC_WARN_UNDECLARED_SELECTOR = YES;
				GCC_WARN_UNINITIALIZED_AUTOS = YES_AGGRESSIVE;
				GCC_WARN_UNUSED_FUNCTION = YES;
				GCC_WARN_UNUSED_VARIABLE = YES;
				IPHONEOS_DEPLOYMENT_TARGET = 11.4;
				MTL_ENABLE_DEBUG_INFO = YES;
				ONLY_ACTIVE_ARCH = YES;
				SDKROOT = iphoneos;
				SWIFT_ACTIVE_COMPILATION_CONDITIONS = DEBUG;
				SWIFT_OPTIMIZATION_LEVEL = "-Onone";
			};
			name = Debug;
		};
		D047A2EC20DAF8B5002954D1 /* Release */ = {
			isa = XCBuildConfiguration;
			buildSettings = {
				ALWAYS_SEARCH_USER_PATHS = NO;
				CLANG_ANALYZER_NONNULL = YES;
				CLANG_ANALYZER_NUMBER_OBJECT_CONVERSION = YES_AGGRESSIVE;
				CLANG_CXX_LANGUAGE_STANDARD = "gnu++14";
				CLANG_CXX_LIBRARY = "libc++";
				CLANG_ENABLE_MODULES = YES;
				CLANG_ENABLE_OBJC_ARC = YES;
				CLANG_ENABLE_OBJC_WEAK = YES;
				CLANG_WARN_BLOCK_CAPTURE_AUTORELEASING = YES;
				CLANG_WARN_BOOL_CONVERSION = YES;
				CLANG_WARN_COMMA = YES;
				CLANG_WARN_CONSTANT_CONVERSION = YES;
				CLANG_WARN_DEPRECATED_OBJC_IMPLEMENTATIONS = YES;
				CLANG_WARN_DIRECT_OBJC_ISA_USAGE = YES_ERROR;
				CLANG_WARN_DOCUMENTATION_COMMENTS = YES;
				CLANG_WARN_EMPTY_BODY = YES;
				CLANG_WARN_ENUM_CONVERSION = YES;
				CLANG_WARN_INFINITE_RECURSION = YES;
				CLANG_WARN_INT_CONVERSION = YES;
				CLANG_WARN_NON_LITERAL_NULL_CONVERSION = YES;
				CLANG_WARN_OBJC_IMPLICIT_RETAIN_SELF = YES;
				CLANG_WARN_OBJC_LITERAL_CONVERSION = YES;
				CLANG_WARN_OBJC_ROOT_CLASS = YES_ERROR;
				CLANG_WARN_RANGE_LOOP_ANALYSIS = YES;
				CLANG_WARN_STRICT_PROTOTYPES = YES;
				CLANG_WARN_SUSPICIOUS_MOVE = YES;
				CLANG_WARN_UNGUARDED_AVAILABILITY = YES_AGGRESSIVE;
				CLANG_WARN_UNREACHABLE_CODE = YES;
				CLANG_WARN__DUPLICATE_METHOD_MATCH = YES;
				CODE_SIGN_IDENTITY = "iPhone Developer";
				COPY_PHASE_STRIP = NO;
				DEBUG_INFORMATION_FORMAT = "dwarf-with-dsym";
				ENABLE_NS_ASSERTIONS = NO;
				ENABLE_STRICT_OBJC_MSGSEND = YES;
				GCC_C_LANGUAGE_STANDARD = gnu11;
				GCC_NO_COMMON_BLOCKS = YES;
				GCC_WARN_64_TO_32_BIT_CONVERSION = YES;
				GCC_WARN_ABOUT_RETURN_TYPE = YES_ERROR;
				GCC_WARN_UNDECLARED_SELECTOR = YES;
				GCC_WARN_UNINITIALIZED_AUTOS = YES_AGGRESSIVE;
				GCC_WARN_UNUSED_FUNCTION = YES;
				GCC_WARN_UNUSED_VARIABLE = YES;
				IPHONEOS_DEPLOYMENT_TARGET = 11.4;
				MTL_ENABLE_DEBUG_INFO = NO;
				SDKROOT = iphoneos;
				SWIFT_COMPILATION_MODE = wholemodule;
				SWIFT_OPTIMIZATION_LEVEL = "-O";
				VALIDATE_PRODUCT = YES;
			};
			name = Release;
		};
		D047A2EE20DAF8B5002954D1 /* Debug */ = {
			isa = XCBuildConfiguration;
			buildSettings = {
				ASSETCATALOG_COMPILER_APPICON_NAME = AppIcon;
				CODE_SIGN_STYLE = Automatic;
				FRAMEWORK_SEARCH_PATHS = (
					"$(inherited)",
					"$(PROJECT_DIR)",
				);
				INFOPLIST_FILE = KhanCoach/Info.plist;
				LD_RUNPATH_SEARCH_PATHS = (
					"$(inherited)",
					"@executable_path/Frameworks",
				);
				PRODUCT_BUNDLE_IDENTIFIER = "Matt-Green.KhanCoach";
				PRODUCT_NAME = "$(TARGET_NAME)";
				SWIFT_VERSION = 4.0;
				TARGETED_DEVICE_FAMILY = "1,2";
			};
			name = Debug;
		};
		D047A2EF20DAF8B5002954D1 /* Release */ = {
			isa = XCBuildConfiguration;
			buildSettings = {
				ASSETCATALOG_COMPILER_APPICON_NAME = AppIcon;
				CODE_SIGN_STYLE = Automatic;
				FRAMEWORK_SEARCH_PATHS = (
					"$(inherited)",
					"$(PROJECT_DIR)",
				);
				INFOPLIST_FILE = KhanCoach/Info.plist;
				LD_RUNPATH_SEARCH_PATHS = (
					"$(inherited)",
					"@executable_path/Frameworks",
				);
				PRODUCT_BUNDLE_IDENTIFIER = "Matt-Green.KhanCoach";
				PRODUCT_NAME = "$(TARGET_NAME)";
				SWIFT_VERSION = 4.0;
				TARGETED_DEVICE_FAMILY = "1,2";
			};
			name = Release;
		};
/* End XCBuildConfiguration section */

/* Begin XCConfigurationList section */
		D047A2D620DAF8B4002954D1 /* Build configuration list for PBXProject "KhanCoach" */ = {
			isa = XCConfigurationList;
			buildConfigurations = (
				D047A2EB20DAF8B5002954D1 /* Debug */,
				D047A2EC20DAF8B5002954D1 /* Release */,
			);
			defaultConfigurationIsVisible = 0;
			defaultConfigurationName = Release;
		};
		D047A2ED20DAF8B5002954D1 /* Build configuration list for PBXNativeTarget "KhanCoach" */ = {
			isa = XCConfigurationList;
			buildConfigurations = (
				D047A2EE20DAF8B5002954D1 /* Debug */,
				D047A2EF20DAF8B5002954D1 /* Release */,
			);
			defaultConfigurationIsVisible = 0;
			defaultConfigurationName = Release;
		};
/* End XCConfigurationList section */
	};
	rootObject = D047A2D320DAF8B4002954D1 /* Project object */;
}
