// !$*UTF8*$!
{
	archiveVersion = 1;
	classes = {
	};
	objectVersion = 48;
	objects = {

/* Begin PBXBuildFile section */
		A34F9D1D1F4620D200587B2E /* MoodsConfigurable.swift in Sources */ = {isa = PBXBuildFile; fileRef = A34F9D1C1F4620D200587B2E /* MoodsConfigurable.swift */; };
		A3BAB2841F44A82F001CF233 /* AppDelegate.swift in Sources */ = {isa = PBXBuildFile; fileRef = A3BAB2831F44A82F001CF233 /* AppDelegate.swift */; };
		A3BAB2891F44A82F001CF233 /* Main.storyboard in Resources */ = {isa = PBXBuildFile; fileRef = A3BAB2871F44A82F001CF233 /* Main.storyboard */; };
		A3BAB28B1F44A82F001CF233 /* Assets.xcassets in Resources */ = {isa = PBXBuildFile; fileRef = A3BAB28A1F44A82F001CF233 /* Assets.xcassets */; };
		A3BAB28E1F44A82F001CF233 /* LaunchScreen.storyboard in Resources */ = {isa = PBXBuildFile; fileRef = A3BAB28C1F44A82F001CF233 /* LaunchScreen.storyboard */; };
		A3BAB2991F44A82F001CF233 /* MandalaTests.swift in Sources */ = {isa = PBXBuildFile; fileRef = A3BAB2981F44A82F001CF233 /* MandalaTests.swift */; };
		A3BAB2A41F44A82F001CF233 /* MandalaUITests.swift in Sources */ = {isa = PBXBuildFile; fileRef = A3BAB2A31F44A82F001CF233 /* MandalaUITests.swift */; };
		A3BAB2B21F44A842001CF233 /* Mood.swift in Sources */ = {isa = PBXBuildFile; fileRef = A3BAB2B11F44A842001CF233 /* Mood.swift */; };
		A3BAB2B41F44A87F001CF233 /* MoodEntry.swift in Sources */ = {isa = PBXBuildFile; fileRef = A3BAB2B31F44A87F001CF233 /* MoodEntry.swift */; };
		A3BAB2B61F44AE61001CF233 /* UIColor+Extension.swift in Sources */ = {isa = PBXBuildFile; fileRef = A3BAB2B51F44AE61001CF233 /* UIColor+Extension.swift */; };
		A3BAB2BA1F44AF09001CF233 /* UIImage+Extension.swift in Sources */ = {isa = PBXBuildFile; fileRef = A3BAB2B91F44AF09001CF233 /* UIImage+Extension.swift */; };
		A3BAB2BC1F44B6F2001CF233 /* MoodSelectionViewController.swift in Sources */ = {isa = PBXBuildFile; fileRef = A3BAB2BB1F44B6F2001CF233 /* MoodSelectionViewController.swift */; };
		A3BAB2BE1F461B71001CF233 /* MoodListViewController.swift in Sources */ = {isa = PBXBuildFile; fileRef = A3BAB2BD1F461B71001CF233 /* MoodListViewController.swift */; };
/* End PBXBuildFile section */

/* Begin PBXContainerItemProxy section */
		A3BAB2951F44A82F001CF233 /* PBXContainerItemProxy */ = {
			isa = PBXContainerItemProxy;
			containerPortal = A3BAB2781F44A82F001CF233 /* Project object */;
			proxyType = 1;
			remoteGlobalIDString = A3BAB27F1F44A82F001CF233;
			remoteInfo = Mandala;
		};
		A3BAB2A01F44A82F001CF233 /* PBXContainerItemProxy */ = {
			isa = PBXContainerItemProxy;
			containerPortal = A3BAB2781F44A82F001CF233 /* Project object */;
			proxyType = 1;
			remoteGlobalIDString = A3BAB27F1F44A82F001CF233;
			remoteInfo = Mandala;
		};
/* End PBXContainerItemProxy section */

/* Begin PBXFileReference section */
		A34F9D1C1F4620D200587B2E /* MoodsConfigurable.swift */ = {isa = PBXFileReference; lastKnownFileType = sourcecode.swift; path = MoodsConfigurable.swift; sourceTree = "<group>"; };
		A3BAB2801F44A82F001CF233 /* Mandala.app */ = {isa = PBXFileReference; explicitFileType = wrapper.application; includeInIndex = 0; path = Mandala.app; sourceTree = BUILT_PRODUCTS_DIR; };
		A3BAB2831F44A82F001CF233 /* AppDelegate.swift */ = {isa = PBXFileReference; lastKnownFileType = sourcecode.swift; path = AppDelegate.swift; sourceTree = "<group>"; };
		A3BAB2881F44A82F001CF233 /* Base */ = {isa = PBXFileReference; lastKnownFileType = file.storyboard; name = Base; path = Base.lproj/Main.storyboard; sourceTree = "<group>"; };
		A3BAB28A1F44A82F001CF233 /* Assets.xcassets */ = {isa = PBXFileReference; lastKnownFileType = folder.assetcatalog; path = Assets.xcassets; sourceTree = "<group>"; };
		A3BAB28D1F44A82F001CF233 /* Base */ = {isa = PBXFileReference; lastKnownFileType = file.storyboard; name = Base; path = Base.lproj/LaunchScreen.storyboard; sourceTree = "<group>"; };
		A3BAB28F1F44A82F001CF233 /* Info.plist */ = {isa = PBXFileReference; lastKnownFileType = text.plist.xml; path = Info.plist; sourceTree = "<group>"; };
		A3BAB2941F44A82F001CF233 /* MandalaTests.xctest */ = {isa = PBXFileReference; explicitFileType = wrapper.cfbundle; includeInIndex = 0; path = MandalaTests.xctest; sourceTree = BUILT_PRODUCTS_DIR; };
		A3BAB2981F44A82F001CF233 /* MandalaTests.swift */ = {isa = PBXFileReference; lastKnownFileType = sourcecode.swift; path = MandalaTests.swift; sourceTree = "<group>"; };
		A3BAB29A1F44A82F001CF233 /* Info.plist */ = {isa = PBXFileReference; lastKnownFileType = text.plist.xml; path = Info.plist; sourceTree = "<group>"; };
		A3BAB29F1F44A82F001CF233 /* MandalaUITests.xctest */ = {isa = PBXFileReference; explicitFileType = wrapper.cfbundle; includeInIndex = 0; path = MandalaUITests.xctest; sourceTree = BUILT_PRODUCTS_DIR; };
		A3BAB2A31F44A82F001CF233 /* MandalaUITests.swift */ = {isa = PBXFileReference; lastKnownFileType = sourcecode.swift; path = MandalaUITests.swift; sourceTree = "<group>"; };
		A3BAB2A51F44A82F001CF233 /* Info.plist */ = {isa = PBXFileReference; lastKnownFileType = text.plist.xml; path = Info.plist; sourceTree = "<group>"; };
		A3BAB2B11F44A842001CF233 /* Mood.swift */ = {isa = PBXFileReference; lastKnownFileType = sourcecode.swift; path = Mood.swift; sourceTree = "<group>"; };
		A3BAB2B31F44A87F001CF233 /* MoodEntry.swift */ = {isa = PBXFileReference; lastKnownFileType = sourcecode.swift; path = MoodEntry.swift; sourceTree = "<group>"; };
		A3BAB2B51F44AE61001CF233 /* UIColor+Extension.swift */ = {isa = PBXFileReference; lastKnownFileType = sourcecode.swift; path = "UIColor+Extension.swift"; sourceTree = "<group>"; };
		A3BAB2B91F44AF09001CF233 /* UIImage+Extension.swift */ = {isa = PBXFileReference; lastKnownFileType = sourcecode.swift; path = "UIImage+Extension.swift"; sourceTree = "<group>"; };
		A3BAB2BB1F44B6F2001CF233 /* MoodSelectionViewController.swift */ = {isa = PBXFileReference; lastKnownFileType = sourcecode.swift; path = MoodSelectionViewController.swift; sourceTree = "<group>"; };
		A3BAB2BD1F461B71001CF233 /* MoodListViewController.swift */ = {isa = PBXFileReference; lastKnownFileType = sourcecode.swift; path = MoodListViewController.swift; sourceTree = "<group>"; };
/* End PBXFileReference section */

/* Begin PBXFrameworksBuildPhase section */
		A3BAB27D1F44A82F001CF233 /* Frameworks */ = {
			isa = PBXFrameworksBuildPhase;
			buildActionMask = 2147483647;
			files = (
			);
			runOnlyForDeploymentPostprocessing = 0;
		};
		A3BAB2911F44A82F001CF233 /* Frameworks */ = {
			isa = PBXFrameworksBuildPhase;
			buildActionMask = 2147483647;
			files = (
			);
			runOnlyForDeploymentPostprocessing = 0;
		};
		A3BAB29C1F44A82F001CF233 /* Frameworks */ = {
			isa = PBXFrameworksBuildPhase;
			buildActionMask = 2147483647;
			files = (
			);
			runOnlyForDeploymentPostprocessing = 0;
		};
/* End PBXFrameworksBuildPhase section */

/* Begin PBXGroup section */
		A3BAB2771F44A82F001CF233 = {
			isa = PBXGroup;
			children = (
				A3BAB2821F44A82F001CF233 /* Mandala */,
				A3BAB2971F44A82F001CF233 /* MandalaTests */,
				A3BAB2A21F44A82F001CF233 /* MandalaUITests */,
				A3BAB2811F44A82F001CF233 /* Products */,
			);
			sourceTree = "<group>";
		};
		A3BAB2811F44A82F001CF233 /* Products */ = {
			isa = PBXGroup;
			children = (
				A3BAB2801F44A82F001CF233 /* Mandala.app */,
				A3BAB2941F44A82F001CF233 /* MandalaTests.xctest */,
				A3BAB29F1F44A82F001CF233 /* MandalaUITests.xctest */,
			);
			name = Products;
			sourceTree = "<group>";
		};
		A3BAB2821F44A82F001CF233 /* Mandala */ = {
			isa = PBXGroup;
			children = (
				A3BAB2B11F44A842001CF233 /* Mood.swift */,
				A3BAB2B31F44A87F001CF233 /* MoodEntry.swift */,
				A3BAB2831F44A82F001CF233 /* AppDelegate.swift */,
				A3BAB2871F44A82F001CF233 /* Main.storyboard */,
				A34F9D1C1F4620D200587B2E /* MoodsConfigurable.swift */,
				A3BAB2BB1F44B6F2001CF233 /* MoodSelectionViewController.swift */,
				A3BAB2BD1F461B71001CF233 /* MoodListViewController.swift */,
				A3BAB28A1F44A82F001CF233 /* Assets.xcassets */,
				A3BAB2B51F44AE61001CF233 /* UIColor+Extension.swift */,
				A3BAB2B91F44AF09001CF233 /* UIImage+Extension.swift */,
				A3BAB28C1F44A82F001CF233 /* LaunchScreen.storyboard */,
				A3BAB28F1F44A82F001CF233 /* Info.plist */,
			);
			path = Mandala;
			sourceTree = "<group>";
		};
		A3BAB2971F44A82F001CF233 /* MandalaTests */ = {
			isa = PBXGroup;
			children = (
				A3BAB2981F44A82F001CF233 /* MandalaTests.swift */,
				A3BAB29A1F44A82F001CF233 /* Info.plist */,
			);
			path = MandalaTests;
			sourceTree = "<group>";
		};
		A3BAB2A21F44A82F001CF233 /* MandalaUITests */ = {
			isa = PBXGroup;
			children = (
				A3BAB2A31F44A82F001CF233 /* MandalaUITests.swift */,
				A3BAB2A51F44A82F001CF233 /* Info.plist */,
			);
			path = MandalaUITests;
			sourceTree = "<group>";
		};
/* End PBXGroup section */

/* Begin PBXNativeTarget section */
		A3BAB27F1F44A82F001CF233 /* Mandala */ = {
			isa = PBXNativeTarget;
			buildConfigurationList = A3BAB2A81F44A82F001CF233 /* Build configuration list for PBXNativeTarget "Mandala" */;
			buildPhases = (
				A3BAB27C1F44A82F001CF233 /* Sources */,
				A3BAB27D1F44A82F001CF233 /* Frameworks */,
				A3BAB27E1F44A82F001CF233 /* Resources */,
			);
			buildRules = (
			);
			dependencies = (
			);
			name = Mandala;
			productName = Mandala;
			productReference = A3BAB2801F44A82F001CF233 /* Mandala.app */;
			productType = "com.apple.product-type.application";
		};
		A3BAB2931F44A82F001CF233 /* MandalaTests */ = {
			isa = PBXNativeTarget;
			buildConfigurationList = A3BAB2AB1F44A82F001CF233 /* Build configuration list for PBXNativeTarget "MandalaTests" */;
			buildPhases = (
				A3BAB2901F44A82F001CF233 /* Sources */,
				A3BAB2911F44A82F001CF233 /* Frameworks */,
				A3BAB2921F44A82F001CF233 /* Resources */,
			);
			buildRules = (
			);
			dependencies = (
				A3BAB2961F44A82F001CF233 /* PBXTargetDependency */,
			);
			name = MandalaTests;
			productName = MandalaTests;
			productReference = A3BAB2941F44A82F001CF233 /* MandalaTests.xctest */;
			productType = "com.apple.product-type.bundle.unit-test";
		};
		A3BAB29E1F44A82F001CF233 /* MandalaUITests */ = {
			isa = PBXNativeTarget;
			buildConfigurationList = A3BAB2AE1F44A82F001CF233 /* Build configuration list for PBXNativeTarget "MandalaUITests" */;
			buildPhases = (
				A3BAB29B1F44A82F001CF233 /* Sources */,
				A3BAB29C1F44A82F001CF233 /* Frameworks */,
				A3BAB29D1F44A82F001CF233 /* Resources */,
			);
			buildRules = (
			);
			dependencies = (
				A3BAB2A11F44A82F001CF233 /* PBXTargetDependency */,
			);
			name = MandalaUITests;
			productName = MandalaUITests;
			productReference = A3BAB29F1F44A82F001CF233 /* MandalaUITests.xctest */;
			productType = "com.apple.product-type.bundle.ui-testing";
		};
/* End PBXNativeTarget section */

/* Begin PBXProject section */
		A3BAB2781F44A82F001CF233 /* Project object */ = {
			isa = PBXProject;
			attributes = {
				LastSwiftUpdateCheck = 0900;
				LastUpgradeCheck = 0900;
				ORGANIZATIONNAME = "Luke Newman";
				TargetAttributes = {
					A3BAB27F1F44A82F001CF233 = {
						CreatedOnToolsVersion = 9.0;
					};
					A3BAB2931F44A82F001CF233 = {
						CreatedOnToolsVersion = 9.0;
						TestTargetID = A3BAB27F1F44A82F001CF233;
					};
					A3BAB29E1F44A82F001CF233 = {
						CreatedOnToolsVersion = 9.0;
						TestTargetID = A3BAB27F1F44A82F001CF233;
					};
				};
			};
			buildConfigurationList = A3BAB27B1F44A82F001CF233 /* Build configuration list for PBXProject "Mandala" */;
			compatibilityVersion = "Xcode 8.0";
			developmentRegion = en;
			hasScannedForEncodings = 0;
			knownRegions = (
				en,
				Base,
			);
			mainGroup = A3BAB2771F44A82F001CF233;
			productRefGroup = A3BAB2811F44A82F001CF233 /* Products */;
			projectDirPath = "";
			projectRoot = "";
			targets = (
				A3BAB27F1F44A82F001CF233 /* Mandala */,
				A3BAB2931F44A82F001CF233 /* MandalaTests */,
				A3BAB29E1F44A82F001CF233 /* MandalaUITests */,
			);
		};
/* End PBXProject section */

/* Begin PBXResourcesBuildPhase section */
		A3BAB27E1F44A82F001CF233 /* Resources */ = {
			isa = PBXResourcesBuildPhase;
			buildActionMask = 2147483647;
			files = (
				A3BAB28E1F44A82F001CF233 /* LaunchScreen.storyboard in Resources */,
				A3BAB28B1F44A82F001CF233 /* Assets.xcassets in Resources */,
				A3BAB2891F44A82F001CF233 /* Main.storyboard in Resources */,
			);
			runOnlyForDeploymentPostprocessing = 0;
		};
		A3BAB2921F44A82F001CF233 /* Resources */ = {
			isa = PBXResourcesBuildPhase;
			buildActionMask = 2147483647;
			files = (
			);
			runOnlyForDeploymentPostprocessing = 0;
		};
		A3BAB29D1F44A82F001CF233 /* Resources */ = {
			isa = PBXResourcesBuildPhase;
			buildActionMask = 2147483647;
			files = (
			);
			runOnlyForDeploymentPostprocessing = 0;
		};
/* End PBXResourcesBuildPhase section */

/* Begin PBXSourcesBuildPhase section */
		A3BAB27C1F44A82F001CF233 /* Sources */ = {
			isa = PBXSourcesBuildPhase;
			buildActionMask = 2147483647;
			files = (
				A3BAB2B21F44A842001CF233 /* Mood.swift in Sources */,
				A3BAB2BE1F461B71001CF233 /* MoodListViewController.swift in Sources */,
				A3BAB2841F44A82F001CF233 /* AppDelegate.swift in Sources */,
				A3BAB2BC1F44B6F2001CF233 /* MoodSelectionViewController.swift in Sources */,
				A3BAB2BA1F44AF09001CF233 /* UIImage+Extension.swift in Sources */,
				A34F9D1D1F4620D200587B2E /* MoodsConfigurable.swift in Sources */,
				A3BAB2B41F44A87F001CF233 /* MoodEntry.swift in Sources */,
				A3BAB2B61F44AE61001CF233 /* UIColor+Extension.swift in Sources */,
			);
			runOnlyForDeploymentPostprocessing = 0;
		};
		A3BAB2901F44A82F001CF233 /* Sources */ = {
			isa = PBXSourcesBuildPhase;
			buildActionMask = 2147483647;
			files = (
				A3BAB2991F44A82F001CF233 /* MandalaTests.swift in Sources */,
			);
			runOnlyForDeploymentPostprocessing = 0;
		};
		A3BAB29B1F44A82F001CF233 /* Sources */ = {
			isa = PBXSourcesBuildPhase;
			buildActionMask = 2147483647;
			files = (
				A3BAB2A41F44A82F001CF233 /* MandalaUITests.swift in Sources */,
			);
			runOnlyForDeploymentPostprocessing = 0;
		};
/* End PBXSourcesBuildPhase section */

/* Begin PBXTargetDependency section */
		A3BAB2961F44A82F001CF233 /* PBXTargetDependency */ = {
			isa = PBXTargetDependency;
			target = A3BAB27F1F44A82F001CF233 /* Mandala */;
			targetProxy = A3BAB2951F44A82F001CF233 /* PBXContainerItemProxy */;
		};
		A3BAB2A11F44A82F001CF233 /* PBXTargetDependency */ = {
			isa = PBXTargetDependency;
			target = A3BAB27F1F44A82F001CF233 /* Mandala */;
			targetProxy = A3BAB2A01F44A82F001CF233 /* PBXContainerItemProxy */;
		};
/* End PBXTargetDependency section */

/* Begin PBXVariantGroup section */
		A3BAB2871F44A82F001CF233 /* Main.storyboard */ = {
			isa = PBXVariantGroup;
			children = (
				A3BAB2881F44A82F001CF233 /* Base */,
			);
			name = Main.storyboard;
			sourceTree = "<group>";
		};
		A3BAB28C1F44A82F001CF233 /* LaunchScreen.storyboard */ = {
			isa = PBXVariantGroup;
			children = (
				A3BAB28D1F44A82F001CF233 /* Base */,
			);
			name = LaunchScreen.storyboard;
			sourceTree = "<group>";
		};
/* End PBXVariantGroup section */

/* Begin XCBuildConfiguration section */
		A3BAB2A61F44A82F001CF233 /* Debug */ = {
			isa = XCBuildConfiguration;
			buildSettings = {
				ALWAYS_SEARCH_USER_PATHS = NO;
				CLANG_ANALYZER_NONNULL = YES;
				CLANG_ANALYZER_NUMBER_OBJECT_CONVERSION = YES_AGGRESSIVE;
				CLANG_CXX_LANGUAGE_STANDARD = "gnu++14";
				CLANG_CXX_LIBRARY = "libc++";
				CLANG_ENABLE_MODULES = YES;
				CLANG_ENABLE_OBJC_ARC = YES;
				CLANG_WARN_BLOCK_CAPTURE_AUTORELEASING = YES;
				CLANG_WARN_BOOL_CONVERSION = YES;
				CLANG_WARN_COMMA = YES;
				CLANG_WARN_CONSTANT_CONVERSION = YES;
				CLANG_WARN_DIRECT_OBJC_ISA_USAGE = YES_ERROR;
				CLANG_WARN_DOCUMENTATION_COMMENTS = YES;
				CLANG_WARN_EMPTY_BODY = YES;
				CLANG_WARN_ENUM_CONVERSION = YES;
				CLANG_WARN_INFINITE_RECURSION = YES;
				CLANG_WARN_INT_CONVERSION = YES;
				CLANG_WARN_NON_LITERAL_NULL_CONVERSION = YES;
				CLANG_WARN_OBJC_LITERAL_CONVERSION = YES;
				CLANG_WARN_OBJC_ROOT_CLASS = YES_ERROR;
				CLANG_WARN_RANGE_LOOP_ANALYSIS = YES;
				CLANG_WARN_STRICT_PROTOTYPES = YES;
				CLANG_WARN_SUSPICIOUS_MOVE = YES;
				CLANG_WARN_UNGUARDED_AVAILABILITY = YES_AGGRESSIVE;
				CLANG_WARN_UNREACHABLE_CODE = YES;
				CLANG_WARN__DUPLICATE_METHOD_MATCH = YES;
				CODE_SIGN_IDENTITY = "iPhone Developer";
				COPY_PHASE_STRIP = NO;
				DEBUG_INFORMATION_FORMAT = dwarf;
				ENABLE_STRICT_OBJC_MSGSEND = YES;
				ENABLE_TESTABILITY = YES;
				GCC_C_LANGUAGE_STANDARD = gnu11;
				GCC_DYNAMIC_NO_PIC = NO;
				GCC_NO_COMMON_BLOCKS = YES;
				GCC_OPTIMIZATION_LEVEL = 0;
				GCC_PREPROCESSOR_DEFINITIONS = (
					"DEBUG=1",
					"$(inherited)",
				);
				GCC_WARN_64_TO_32_BIT_CONVERSION = YES;
				GCC_WARN_ABOUT_RETURN_TYPE = YES_ERROR;
				GCC_WARN_UNDECLARED_SELECTOR = YES;
				GCC_WARN_UNINITIALIZED_AUTOS = YES_AGGRESSIVE;
				GCC_WARN_UNUSED_FUNCTION = YES;
				GCC_WARN_UNUSED_VARIABLE = YES;
				IPHONEOS_DEPLOYMENT_TARGET = 11.0;
				MTL_ENABLE_DEBUG_INFO = YES;
				ONLY_ACTIVE_ARCH = YES;
				SDKROOT = iphoneos;
				SWIFT_ACTIVE_COMPILATION_CONDITIONS = DEBUG;
				SWIFT_OPTIMIZATION_LEVEL = "-Onone";
			};
			name = Debug;
		};
		A3BAB2A71F44A82F001CF233 /* Release */ = {
			isa = XCBuildConfiguration;
			buildSettings = {
				ALWAYS_SEARCH_USER_PATHS = NO;
				CLANG_ANALYZER_NONNULL = YES;
				CLANG_ANALYZER_NUMBER_OBJECT_CONVERSION = YES_AGGRESSIVE;
				CLANG_CXX_LANGUAGE_STANDARD = "gnu++14";
				CLANG_CXX_LIBRARY = "libc++";
				CLANG_ENABLE_MODULES = YES;
				CLANG_ENABLE_OBJC_ARC = YES;
				CLANG_WARN_BLOCK_CAPTURE_AUTORELEASING = YES;
				CLANG_WARN_BOOL_CONVERSION = YES;
				CLANG_WARN_COMMA = YES;
				CLANG_WARN_CONSTANT_CONVERSION = YES;
				CLANG_WARN_DIRECT_OBJC_ISA_USAGE = YES_ERROR;
				CLANG_WARN_DOCUMENTATION_COMMENTS = YES;
				CLANG_WARN_EMPTY_BODY = YES;
				CLANG_WARN_ENUM_CONVERSION = YES;
				CLANG_WARN_INFINITE_RECURSION = YES;
				CLANG_WARN_INT_CONVERSION = YES;
				CLANG_WARN_NON_LITERAL_NULL_CONVERSION = YES;
				CLANG_WARN_OBJC_LITERAL_CONVERSION = YES;
				CLANG_WARN_OBJC_ROOT_CLASS = YES_ERROR;
				CLANG_WARN_RANGE_LOOP_ANALYSIS = YES;
				CLANG_WARN_STRICT_PROTOTYPES = YES;
				CLANG_WARN_SUSPICIOUS_MOVE = YES;
				CLANG_WARN_UNGUARDED_AVAILABILITY = YES_AGGRESSIVE;
				CLANG_WARN_UNREACHABLE_CODE = YES;
				CLANG_WARN__DUPLICATE_METHOD_MATCH = YES;
				CODE_SIGN_IDENTITY = "iPhone Developer";
				COPY_PHASE_STRIP = NO;
				DEBUG_INFORMATION_FORMAT = "dwarf-with-dsym";
				ENABLE_NS_ASSERTIONS = NO;
				ENABLE_STRICT_OBJC_MSGSEND = YES;
				GCC_C_LANGUAGE_STANDARD = gnu11;
				GCC_NO_COMMON_BLOCKS = YES;
				GCC_WARN_64_TO_32_BIT_CONVERSION = YES;
				GCC_WARN_ABOUT_RETURN_TYPE = YES_ERROR;
				GCC_WARN_UNDECLARED_SELECTOR = YES;
				GCC_WARN_UNINITIALIZED_AUTOS = YES_AGGRESSIVE;
				GCC_WARN_UNUSED_FUNCTION = YES;
				GCC_WARN_UNUSED_VARIABLE = YES;
				IPHONEOS_DEPLOYMENT_TARGET = 11.0;
				MTL_ENABLE_DEBUG_INFO = NO;
				SDKROOT = iphoneos;
				SWIFT_OPTIMIZATION_LEVEL = "-Owholemodule";
				VALIDATE_PRODUCT = YES;
			};
			name = Release;
		};
		A3BAB2A91F44A82F001CF233 /* Debug */ = {
			isa = XCBuildConfiguration;
			buildSettings = {
				ASSETCATALOG_COMPILER_APPICON_NAME = AppIcon;
				INFOPLIST_FILE = Mandala/Info.plist;
				LD_RUNPATH_SEARCH_PATHS = "$(inherited) @executable_path/Frameworks";
				PRODUCT_BUNDLE_IDENTIFIER = com.lukenewman.Mandala;
				PRODUCT_NAME = "$(TARGET_NAME)";
				SWIFT_VERSION = 4.0;
				TARGETED_DEVICE_FAMILY = "1,2";
			};
			name = Debug;
		};
		A3BAB2AA1F44A82F001CF233 /* Release */ = {
			isa = XCBuildConfiguration;
			buildSettings = {
				ASSETCATALOG_COMPILER_APPICON_NAME = AppIcon;
				INFOPLIST_FILE = Mandala/Info.plist;
				LD_RUNPATH_SEARCH_PATHS = "$(inherited) @executable_path/Frameworks";
				PRODUCT_BUNDLE_IDENTIFIER = com.lukenewman.Mandala;
				PRODUCT_NAME = "$(TARGET_NAME)";
				SWIFT_VERSION = 4.0;
				TARGETED_DEVICE_FAMILY = "1,2";
			};
			name = Release;
		};
		A3BAB2AC1F44A82F001CF233 /* Debug */ = {
			isa = XCBuildConfiguration;
			buildSettings = {
				ALWAYS_EMBED_SWIFT_STANDARD_LIBRARIES = YES;
				BUNDLE_LOADER = "$(TEST_HOST)";
				INFOPLIST_FILE = MandalaTests/Info.plist;
				LD_RUNPATH_SEARCH_PATHS = "$(inherited) @executable_path/Frameworks @loader_path/Frameworks";
				PRODUCT_BUNDLE_IDENTIFIER = com.lukenewman.MandalaTests;
				PRODUCT_NAME = "$(TARGET_NAME)";
				SWIFT_VERSION = 4.0;
				TARGETED_DEVICE_FAMILY = "1,2";
				TEST_HOST = "$(BUILT_PRODUCTS_DIR)/Mandala.app/Mandala";
			};
			name = Debug;
		};
		A3BAB2AD1F44A82F001CF233 /* Release */ = {
			isa = XCBuildConfiguration;
			buildSettings = {
				ALWAYS_EMBED_SWIFT_STANDARD_LIBRARIES = YES;
				BUNDLE_LOADER = "$(TEST_HOST)";
				INFOPLIST_FILE = MandalaTests/Info.plist;
				LD_RUNPATH_SEARCH_PATHS = "$(inherited) @executable_path/Frameworks @loader_path/Frameworks";
				PRODUCT_BUNDLE_IDENTIFIER = com.lukenewman.MandalaTests;
				PRODUCT_NAME = "$(TARGET_NAME)";
				SWIFT_VERSION = 4.0;
				TARGETED_DEVICE_FAMILY = "1,2";
				TEST_HOST = "$(BUILT_PRODUCTS_DIR)/Mandala.app/Mandala";
			};
			name = Release;
		};
		A3BAB2AF1F44A82F001CF233 /* Debug */ = {
			isa = XCBuildConfiguration;
			buildSettings = {
				ALWAYS_EMBED_SWIFT_STANDARD_LIBRARIES = YES;
				INFOPLIST_FILE = MandalaUITests/Info.plist;
				LD_RUNPATH_SEARCH_PATHS = "$(inherited) @executable_path/Frameworks @loader_path/Frameworks";
				PRODUCT_BUNDLE_IDENTIFIER = com.lukenewman.MandalaUITests;
				PRODUCT_NAME = "$(TARGET_NAME)";
				SWIFT_VERSION = 4.0;
				TARGETED_DEVICE_FAMILY = "1,2";
				TEST_TARGET_NAME = Mandala;
			};
			name = Debug;
		};
		A3BAB2B01F44A82F001CF233 /* Release */ = {
			isa = XCBuildConfiguration;
			buildSettings = {
				ALWAYS_EMBED_SWIFT_STANDARD_LIBRARIES = YES;
				INFOPLIST_FILE = MandalaUITests/Info.plist;
				LD_RUNPATH_SEARCH_PATHS = "$(inherited) @executable_path/Frameworks @loader_path/Frameworks";
				PRODUCT_BUNDLE_IDENTIFIER = com.lukenewman.MandalaUITests;
				PRODUCT_NAME = "$(TARGET_NAME)";
				SWIFT_VERSION = 4.0;
				TARGETED_DEVICE_FAMILY = "1,2";
				TEST_TARGET_NAME = Mandala;
			};
			name = Release;
		};
/* End XCBuildConfiguration section */

/* Begin XCConfigurationList section */
		A3BAB27B1F44A82F001CF233 /* Build configuration list for PBXProject "Mandala" */ = {
			isa = XCConfigurationList;
			buildConfigurations = (
				A3BAB2A61F44A82F001CF233 /* Debug */,
				A3BAB2A71F44A82F001CF233 /* Release */,
			);
			defaultConfigurationIsVisible = 0;
			defaultConfigurationName = Release;
		};
		A3BAB2A81F44A82F001CF233 /* Build configuration list for PBXNativeTarget "Mandala" */ = {
			isa = XCConfigurationList;
			buildConfigurations = (
				A3BAB2A91F44A82F001CF233 /* Debug */,
				A3BAB2AA1F44A82F001CF233 /* Release */,
			);
			defaultConfigurationIsVisible = 0;
			defaultConfigurationName = Release;
		};
		A3BAB2AB1F44A82F001CF233 /* Build configuration list for PBXNativeTarget "MandalaTests" */ = {
			isa = XCConfigurationList;
			buildConfigurations = (
				A3BAB2AC1F44A82F001CF233 /* Debug */,
				A3BAB2AD1F44A82F001CF233 /* Release */,
			);
			defaultConfigurationIsVisible = 0;
			defaultConfigurationName = Release;
		};
		A3BAB2AE1F44A82F001CF233 /* Build configuration list for PBXNativeTarget "MandalaUITests" */ = {
			isa = XCConfigurationList;
			buildConfigurations = (
				A3BAB2AF1F44A82F001CF233 /* Debug */,
				A3BAB2B01F44A82F001CF233 /* Release */,
			);
			defaultConfigurationIsVisible = 0;
			defaultConfigurationName = Release;
		};
/* End XCConfigurationList section */
	};
	rootObject = A3BAB2781F44A82F001CF233 /* Project object */;
}
