// !$*UTF8*$!
{
	archiveVersion = 1;
	classes = {
	};
	objectVersion = 48;
	objects = {

/* Begin PBXBuildFile section */
		D0DD6FA5206DBBF900D74C15 /* AppDelegate.swift in Sources */ = {isa = PBXBuildFile; fileRef = D0DD6FA4206DBBF900D74C15 /* AppDelegate.swift */; };
		D0DD6FAA206DBBF900D74C15 /* Main.storyboard in Resources */ = {isa = PBXBuildFile; fileRef = D0DD6FA8206DBBF900D74C15 /* Main.storyboard */; };
		D0DD6FAC206DBBF900D74C15 /* Assets.xcassets in Resources */ = {isa = PBXBuildFile; fileRef = D0DD6FAB206DBBF900D74C15 /* Assets.xcassets */; };
		D0DD6FAF206DBBF900D74C15 /* LaunchScreen.storyboard in Resources */ = {isa = PBXBuildFile; fileRef = D0DD6FAD206DBBF900D74C15 /* LaunchScreen.storyboard */; };
		D0DD6FBA206DBBF900D74C15 /* PhotoramaTests.swift in Sources */ = {isa = PBXBuildFile; fileRef = D0DD6FB9206DBBF900D74C15 /* PhotoramaTests.swift */; };
		D0DD6FC5206DBBF900D74C15 /* PhotoramaUITests.swift in Sources */ = {isa = PBXBuildFile; fileRef = D0DD6FC4206DBBF900D74C15 /* PhotoramaUITests.swift */; };
		D0DD6FD3206DBC5A00D74C15 /* PhotosViewController.swift in Sources */ = {isa = PBXBuildFile; fileRef = D0DD6FD2206DBC5A00D74C15 /* PhotosViewController.swift */; };
		D0DD6FD5206DBE6000D74C15 /* FlickrAPI.swift in Sources */ = {isa = PBXBuildFile; fileRef = D0DD6FD4206DBE6000D74C15 /* FlickrAPI.swift */; };
		D0DD6FD7206DC23300D74C15 /* PhotoStore.swift in Sources */ = {isa = PBXBuildFile; fileRef = D0DD6FD6206DC23300D74C15 /* PhotoStore.swift */; };
		D0DD6FD9206DC4ED00D74C15 /* Photo.swift in Sources */ = {isa = PBXBuildFile; fileRef = D0DD6FD8206DC4ED00D74C15 /* Photo.swift */; };
/* End PBXBuildFile section */

/* Begin PBXContainerItemProxy section */
		D0DD6FB6206DBBF900D74C15 /* PBXContainerItemProxy */ = {
			isa = PBXContainerItemProxy;
			containerPortal = D0DD6F99206DBBF900D74C15 /* Project object */;
			proxyType = 1;
			remoteGlobalIDString = D0DD6FA0206DBBF900D74C15;
			remoteInfo = Photorama;
		};
		D0DD6FC1206DBBF900D74C15 /* PBXContainerItemProxy */ = {
			isa = PBXContainerItemProxy;
			containerPortal = D0DD6F99206DBBF900D74C15 /* Project object */;
			proxyType = 1;
			remoteGlobalIDString = D0DD6FA0206DBBF900D74C15;
			remoteInfo = Photorama;
		};
/* End PBXContainerItemProxy section */

/* Begin PBXFileReference section */
		D0DD6FA1206DBBF900D74C15 /* Photorama.app */ = {isa = PBXFileReference; explicitFileType = wrapper.application; includeInIndex = 0; path = Photorama.app; sourceTree = BUILT_PRODUCTS_DIR; };
		D0DD6FA4206DBBF900D74C15 /* AppDelegate.swift */ = {isa = PBXFileReference; lastKnownFileType = sourcecode.swift; path = AppDelegate.swift; sourceTree = "<group>"; };
		D0DD6FA9206DBBF900D74C15 /* Base */ = {isa = PBXFileReference; lastKnownFileType = file.storyboard; name = Base; path = Base.lproj/Main.storyboard; sourceTree = "<group>"; };
		D0DD6FAB206DBBF900D74C15 /* Assets.xcassets */ = {isa = PBXFileReference; lastKnownFileType = folder.assetcatalog; path = Assets.xcassets; sourceTree = "<group>"; };
		D0DD6FAE206DBBF900D74C15 /* Base */ = {isa = PBXFileReference; lastKnownFileType = file.storyboard; name = Base; path = Base.lproj/LaunchScreen.storyboard; sourceTree = "<group>"; };
		D0DD6FB0206DBBF900D74C15 /* Info.plist */ = {isa = PBXFileReference; lastKnownFileType = text.plist.xml; path = Info.plist; sourceTree = "<group>"; };
		D0DD6FB5206DBBF900D74C15 /* PhotoramaTests.xctest */ = {isa = PBXFileReference; explicitFileType = wrapper.cfbundle; includeInIndex = 0; path = PhotoramaTests.xctest; sourceTree = BUILT_PRODUCTS_DIR; };
		D0DD6FB9206DBBF900D74C15 /* PhotoramaTests.swift */ = {isa = PBXFileReference; lastKnownFileType = sourcecode.swift; path = PhotoramaTests.swift; sourceTree = "<group>"; };
		D0DD6FBB206DBBF900D74C15 /* Info.plist */ = {isa = PBXFileReference; lastKnownFileType = text.plist.xml; path = Info.plist; sourceTree = "<group>"; };
		D0DD6FC0206DBBF900D74C15 /* PhotoramaUITests.xctest */ = {isa = PBXFileReference; explicitFileType = wrapper.cfbundle; includeInIndex = 0; path = PhotoramaUITests.xctest; sourceTree = BUILT_PRODUCTS_DIR; };
		D0DD6FC4206DBBF900D74C15 /* PhotoramaUITests.swift */ = {isa = PBXFileReference; lastKnownFileType = sourcecode.swift; path = PhotoramaUITests.swift; sourceTree = "<group>"; };
		D0DD6FC6206DBBF900D74C15 /* Info.plist */ = {isa = PBXFileReference; lastKnownFileType = text.plist.xml; path = Info.plist; sourceTree = "<group>"; };
		D0DD6FD2206DBC5A00D74C15 /* PhotosViewController.swift */ = {isa = PBXFileReference; lastKnownFileType = sourcecode.swift; path = PhotosViewController.swift; sourceTree = "<group>"; };
		D0DD6FD4206DBE6000D74C15 /* FlickrAPI.swift */ = {isa = PBXFileReference; lastKnownFileType = sourcecode.swift; path = FlickrAPI.swift; sourceTree = "<group>"; };
		D0DD6FD6206DC23300D74C15 /* PhotoStore.swift */ = {isa = PBXFileReference; lastKnownFileType = sourcecode.swift; path = PhotoStore.swift; sourceTree = "<group>"; };
		D0DD6FD8206DC4ED00D74C15 /* Photo.swift */ = {isa = PBXFileReference; lastKnownFileType = sourcecode.swift; path = Photo.swift; sourceTree = "<group>"; };
/* End PBXFileReference section */

/* Begin PBXFrameworksBuildPhase section */
		D0DD6F9E206DBBF900D74C15 /* Frameworks */ = {
			isa = PBXFrameworksBuildPhase;
			buildActionMask = 2147483647;
			files = (
			);
			runOnlyForDeploymentPostprocessing = 0;
		};
		D0DD6FB2206DBBF900D74C15 /* Frameworks */ = {
			isa = PBXFrameworksBuildPhase;
			buildActionMask = 2147483647;
			files = (
			);
			runOnlyForDeploymentPostprocessing = 0;
		};
		D0DD6FBD206DBBF900D74C15 /* Frameworks */ = {
			isa = PBXFrameworksBuildPhase;
			buildActionMask = 2147483647;
			files = (
			);
			runOnlyForDeploymentPostprocessing = 0;
		};
/* End PBXFrameworksBuildPhase section */

/* Begin PBXGroup section */
		D0DD6F98206DBBF900D74C15 = {
			isa = PBXGroup;
			children = (
				D0DD6FA3206DBBF900D74C15 /* Photorama */,
				D0DD6FB8206DBBF900D74C15 /* PhotoramaTests */,
				D0DD6FC3206DBBF900D74C15 /* PhotoramaUITests */,
				D0DD6FA2206DBBF900D74C15 /* Products */,
			);
			sourceTree = "<group>";
		};
		D0DD6FA2206DBBF900D74C15 /* Products */ = {
			isa = PBXGroup;
			children = (
				D0DD6FA1206DBBF900D74C15 /* Photorama.app */,
				D0DD6FB5206DBBF900D74C15 /* PhotoramaTests.xctest */,
				D0DD6FC0206DBBF900D74C15 /* PhotoramaUITests.xctest */,
			);
			name = Products;
			sourceTree = "<group>";
		};
		D0DD6FA3206DBBF900D74C15 /* Photorama */ = {
			isa = PBXGroup;
			children = (
				D0DD6FD2206DBC5A00D74C15 /* PhotosViewController.swift */,
				D0DD6FD8206DC4ED00D74C15 /* Photo.swift */,
				D0DD6FA4206DBBF900D74C15 /* AppDelegate.swift */,
				D0DD6FA8206DBBF900D74C15 /* Main.storyboard */,
				D0DD6FD4206DBE6000D74C15 /* FlickrAPI.swift */,
				D0DD6FD6206DC23300D74C15 /* PhotoStore.swift */,
				D0DD6FAB206DBBF900D74C15 /* Assets.xcassets */,
				D0DD6FAD206DBBF900D74C15 /* LaunchScreen.storyboard */,
				D0DD6FB0206DBBF900D74C15 /* Info.plist */,
			);
			path = Photorama;
			sourceTree = "<group>";
		};
		D0DD6FB8206DBBF900D74C15 /* PhotoramaTests */ = {
			isa = PBXGroup;
			children = (
				D0DD6FB9206DBBF900D74C15 /* PhotoramaTests.swift */,
				D0DD6FBB206DBBF900D74C15 /* Info.plist */,
			);
			path = PhotoramaTests;
			sourceTree = "<group>";
		};
		D0DD6FC3206DBBF900D74C15 /* PhotoramaUITests */ = {
			isa = PBXGroup;
			children = (
				D0DD6FC4206DBBF900D74C15 /* PhotoramaUITests.swift */,
				D0DD6FC6206DBBF900D74C15 /* Info.plist */,
			);
			path = PhotoramaUITests;
			sourceTree = "<group>";
		};
/* End PBXGroup section */

/* Begin PBXNativeTarget section */
		D0DD6FA0206DBBF900D74C15 /* Photorama */ = {
			isa = PBXNativeTarget;
			buildConfigurationList = D0DD6FC9206DBBF900D74C15 /* Build configuration list for PBXNativeTarget "Photorama" */;
			buildPhases = (
				D0DD6F9D206DBBF900D74C15 /* Sources */,
				D0DD6F9E206DBBF900D74C15 /* Frameworks */,
				D0DD6F9F206DBBF900D74C15 /* Resources */,
			);
			buildRules = (
			);
			dependencies = (
			);
			name = Photorama;
			productName = Photorama;
			productReference = D0DD6FA1206DBBF900D74C15 /* Photorama.app */;
			productType = "com.apple.product-type.application";
		};
		D0DD6FB4206DBBF900D74C15 /* PhotoramaTests */ = {
			isa = PBXNativeTarget;
			buildConfigurationList = D0DD6FCC206DBBF900D74C15 /* Build configuration list for PBXNativeTarget "PhotoramaTests" */;
			buildPhases = (
				D0DD6FB1206DBBF900D74C15 /* Sources */,
				D0DD6FB2206DBBF900D74C15 /* Frameworks */,
				D0DD6FB3206DBBF900D74C15 /* Resources */,
			);
			buildRules = (
			);
			dependencies = (
				D0DD6FB7206DBBF900D74C15 /* PBXTargetDependency */,
			);
			name = PhotoramaTests;
			productName = PhotoramaTests;
			productReference = D0DD6FB5206DBBF900D74C15 /* PhotoramaTests.xctest */;
			productType = "com.apple.product-type.bundle.unit-test";
		};
		D0DD6FBF206DBBF900D74C15 /* PhotoramaUITests */ = {
			isa = PBXNativeTarget;
			buildConfigurationList = D0DD6FCF206DBBF900D74C15 /* Build configuration list for PBXNativeTarget "PhotoramaUITests" */;
			buildPhases = (
				D0DD6FBC206DBBF900D74C15 /* Sources */,
				D0DD6FBD206DBBF900D74C15 /* Frameworks */,
				D0DD6FBE206DBBF900D74C15 /* Resources */,
			);
			buildRules = (
			);
			dependencies = (
				D0DD6FC2206DBBF900D74C15 /* PBXTargetDependency */,
			);
			name = PhotoramaUITests;
			productName = PhotoramaUITests;
			productReference = D0DD6FC0206DBBF900D74C15 /* PhotoramaUITests.xctest */;
			productType = "com.apple.product-type.bundle.ui-testing";
		};
/* End PBXNativeTarget section */

/* Begin PBXProject section */
		D0DD6F99206DBBF900D74C15 /* Project object */ = {
			isa = PBXProject;
			attributes = {
				LastSwiftUpdateCheck = 0920;
				LastUpgradeCheck = 0920;
				ORGANIZATIONNAME = "Matt Green";
				TargetAttributes = {
					D0DD6FA0206DBBF900D74C15 = {
						CreatedOnToolsVersion = 9.2;
						ProvisioningStyle = Automatic;
					};
					D0DD6FB4206DBBF900D74C15 = {
						CreatedOnToolsVersion = 9.2;
						ProvisioningStyle = Automatic;
						TestTargetID = D0DD6FA0206DBBF900D74C15;
					};
					D0DD6FBF206DBBF900D74C15 = {
						CreatedOnToolsVersion = 9.2;
						ProvisioningStyle = Automatic;
						TestTargetID = D0DD6FA0206DBBF900D74C15;
					};
				};
			};
			buildConfigurationList = D0DD6F9C206DBBF900D74C15 /* Build configuration list for PBXProject "Photorama" */;
			compatibilityVersion = "Xcode 8.0";
			developmentRegion = en;
			hasScannedForEncodings = 0;
			knownRegions = (
				en,
				Base,
			);
			mainGroup = D0DD6F98206DBBF900D74C15;
			productRefGroup = D0DD6FA2206DBBF900D74C15 /* Products */;
			projectDirPath = "";
			projectRoot = "";
			targets = (
				D0DD6FA0206DBBF900D74C15 /* Photorama */,
				D0DD6FB4206DBBF900D74C15 /* PhotoramaTests */,
				D0DD6FBF206DBBF900D74C15 /* PhotoramaUITests */,
			);
		};
/* End PBXProject section */

/* Begin PBXResourcesBuildPhase section */
		D0DD6F9F206DBBF900D74C15 /* Resources */ = {
			isa = PBXResourcesBuildPhase;
			buildActionMask = 2147483647;
			files = (
				D0DD6FAF206DBBF900D74C15 /* LaunchScreen.storyboard in Resources */,
				D0DD6FAC206DBBF900D74C15 /* Assets.xcassets in Resources */,
				D0DD6FAA206DBBF900D74C15 /* Main.storyboard in Resources */,
			);
			runOnlyForDeploymentPostprocessing = 0;
		};
		D0DD6FB3206DBBF900D74C15 /* Resources */ = {
			isa = PBXResourcesBuildPhase;
			buildActionMask = 2147483647;
			files = (
			);
			runOnlyForDeploymentPostprocessing = 0;
		};
		D0DD6FBE206DBBF900D74C15 /* Resources */ = {
			isa = PBXResourcesBuildPhase;
			buildActionMask = 2147483647;
			files = (
			);
			runOnlyForDeploymentPostprocessing = 0;
		};
/* End PBXResourcesBuildPhase section */

/* Begin PBXSourcesBuildPhase section */
		D0DD6F9D206DBBF900D74C15 /* Sources */ = {
			isa = PBXSourcesBuildPhase;
			buildActionMask = 2147483647;
			files = (
				D0DD6FD5206DBE6000D74C15 /* FlickrAPI.swift in Sources */,
				D0DD6FD3206DBC5A00D74C15 /* PhotosViewController.swift in Sources */,
				D0DD6FD7206DC23300D74C15 /* PhotoStore.swift in Sources */,
				D0DD6FA5206DBBF900D74C15 /* AppDelegate.swift in Sources */,
				D0DD6FD9206DC4ED00D74C15 /* Photo.swift in Sources */,
			);
			runOnlyForDeploymentPostprocessing = 0;
		};
		D0DD6FB1206DBBF900D74C15 /* Sources */ = {
			isa = PBXSourcesBuildPhase;
			buildActionMask = 2147483647;
			files = (
				D0DD6FBA206DBBF900D74C15 /* PhotoramaTests.swift in Sources */,
			);
			runOnlyForDeploymentPostprocessing = 0;
		};
		D0DD6FBC206DBBF900D74C15 /* Sources */ = {
			isa = PBXSourcesBuildPhase;
			buildActionMask = 2147483647;
			files = (
				D0DD6FC5206DBBF900D74C15 /* PhotoramaUITests.swift in Sources */,
			);
			runOnlyForDeploymentPostprocessing = 0;
		};
/* End PBXSourcesBuildPhase section */

/* Begin PBXTargetDependency section */
		D0DD6FB7206DBBF900D74C15 /* PBXTargetDependency */ = {
			isa = PBXTargetDependency;
			target = D0DD6FA0206DBBF900D74C15 /* Photorama */;
			targetProxy = D0DD6FB6206DBBF900D74C15 /* PBXContainerItemProxy */;
		};
		D0DD6FC2206DBBF900D74C15 /* PBXTargetDependency */ = {
			isa = PBXTargetDependency;
			target = D0DD6FA0206DBBF900D74C15 /* Photorama */;
			targetProxy = D0DD6FC1206DBBF900D74C15 /* PBXContainerItemProxy */;
		};
/* End PBXTargetDependency section */

/* Begin PBXVariantGroup section */
		D0DD6FA8206DBBF900D74C15 /* Main.storyboard */ = {
			isa = PBXVariantGroup;
			children = (
				D0DD6FA9206DBBF900D74C15 /* Base */,
			);
			name = Main.storyboard;
			sourceTree = "<group>";
		};
		D0DD6FAD206DBBF900D74C15 /* LaunchScreen.storyboard */ = {
			isa = PBXVariantGroup;
			children = (
				D0DD6FAE206DBBF900D74C15 /* Base */,
			);
			name = LaunchScreen.storyboard;
			sourceTree = "<group>";
		};
/* End PBXVariantGroup section */

/* Begin XCBuildConfiguration section */
		D0DD6FC7206DBBF900D74C15 /* Debug */ = {
			isa = XCBuildConfiguration;
			buildSettings = {
				ALWAYS_SEARCH_USER_PATHS = NO;
				CLANG_ANALYZER_NONNULL = YES;
				CLANG_ANALYZER_NUMBER_OBJECT_CONVERSION = YES_AGGRESSIVE;
				CLANG_CXX_LANGUAGE_STANDARD = "gnu++14";
				CLANG_CXX_LIBRARY = "libc++";
				CLANG_ENABLE_MODULES = YES;
				CLANG_ENABLE_OBJC_ARC = YES;
				CLANG_WARN_BLOCK_CAPTURE_AUTORELEASING = YES;
				CLANG_WARN_BOOL_CONVERSION = YES;
				CLANG_WARN_COMMA = YES;
				CLANG_WARN_CONSTANT_CONVERSION = YES;
				CLANG_WARN_DIRECT_OBJC_ISA_USAGE = YES_ERROR;
				CLANG_WARN_DOCUMENTATION_COMMENTS = YES;
				CLANG_WARN_EMPTY_BODY = YES;
				CLANG_WARN_ENUM_CONVERSION = YES;
				CLANG_WARN_INFINITE_RECURSION = YES;
				CLANG_WARN_INT_CONVERSION = YES;
				CLANG_WARN_NON_LITERAL_NULL_CONVERSION = YES;
				CLANG_WARN_OBJC_LITERAL_CONVERSION = YES;
				CLANG_WARN_OBJC_ROOT_CLASS = YES_ERROR;
				CLANG_WARN_RANGE_LOOP_ANALYSIS = YES;
				CLANG_WARN_STRICT_PROTOTYPES = YES;
				CLANG_WARN_SUSPICIOUS_MOVE = YES;
				CLANG_WARN_UNGUARDED_AVAILABILITY = YES_AGGRESSIVE;
				CLANG_WARN_UNREACHABLE_CODE = YES;
				CLANG_WARN__DUPLICATE_METHOD_MATCH = YES;
				CODE_SIGN_IDENTITY = "iPhone Developer";
				COPY_PHASE_STRIP = NO;
				DEBUG_INFORMATION_FORMAT = dwarf;
				ENABLE_STRICT_OBJC_MSGSEND = YES;
				ENABLE_TESTABILITY = YES;
				GCC_C_LANGUAGE_STANDARD = gnu11;
				GCC_DYNAMIC_NO_PIC = NO;
				GCC_NO_COMMON_BLOCKS = YES;
				GCC_OPTIMIZATION_LEVEL = 0;
				GCC_PREPROCESSOR_DEFINITIONS = (
					"DEBUG=1",
					"$(inherited)",
				);
				GCC_WARN_64_TO_32_BIT_CONVERSION = YES;
				GCC_WARN_ABOUT_RETURN_TYPE = YES_ERROR;
				GCC_WARN_UNDECLARED_SELECTOR = YES;
				GCC_WARN_UNINITIALIZED_AUTOS = YES_AGGRESSIVE;
				GCC_WARN_UNUSED_FUNCTION = YES;
				GCC_WARN_UNUSED_VARIABLE = YES;
				IPHONEOS_DEPLOYMENT_TARGET = 11.2;
				MTL_ENABLE_DEBUG_INFO = YES;
				ONLY_ACTIVE_ARCH = YES;
				SDKROOT = iphoneos;
				SWIFT_ACTIVE_COMPILATION_CONDITIONS = DEBUG;
				SWIFT_OPTIMIZATION_LEVEL = "-Onone";
			};
			name = Debug;
		};
		D0DD6FC8206DBBF900D74C15 /* Release */ = {
			isa = XCBuildConfiguration;
			buildSettings = {
				ALWAYS_SEARCH_USER_PATHS = NO;
				CLANG_ANALYZER_NONNULL = YES;
				CLANG_ANALYZER_NUMBER_OBJECT_CONVERSION = YES_AGGRESSIVE;
				CLANG_CXX_LANGUAGE_STANDARD = "gnu++14";
				CLANG_CXX_LIBRARY = "libc++";
				CLANG_ENABLE_MODULES = YES;
				CLANG_ENABLE_OBJC_ARC = YES;
				CLANG_WARN_BLOCK_CAPTURE_AUTORELEASING = YES;
				CLANG_WARN_BOOL_CONVERSION = YES;
				CLANG_WARN_COMMA = YES;
				CLANG_WARN_CONSTANT_CONVERSION = YES;
				CLANG_WARN_DIRECT_OBJC_ISA_USAGE = YES_ERROR;
				CLANG_WARN_DOCUMENTATION_COMMENTS = YES;
				CLANG_WARN_EMPTY_BODY = YES;
				CLANG_WARN_ENUM_CONVERSION = YES;
				CLANG_WARN_INFINITE_RECURSION = YES;
				CLANG_WARN_INT_CONVERSION = YES;
				CLANG_WARN_NON_LITERAL_NULL_CONVERSION = YES;
				CLANG_WARN_OBJC_LITERAL_CONVERSION = YES;
				CLANG_WARN_OBJC_ROOT_CLASS = YES_ERROR;
				CLANG_WARN_RANGE_LOOP_ANALYSIS = YES;
				CLANG_WARN_STRICT_PROTOTYPES = YES;
				CLANG_WARN_SUSPICIOUS_MOVE = YES;
				CLANG_WARN_UNGUARDED_AVAILABILITY = YES_AGGRESSIVE;
				CLANG_WARN_UNREACHABLE_CODE = YES;
				CLANG_WARN__DUPLICATE_METHOD_MATCH = YES;
				CODE_SIGN_IDENTITY = "iPhone Developer";
				COPY_PHASE_STRIP = NO;
				DEBUG_INFORMATION_FORMAT = "dwarf-with-dsym";
				ENABLE_NS_ASSERTIONS = NO;
				ENABLE_STRICT_OBJC_MSGSEND = YES;
				GCC_C_LANGUAGE_STANDARD = gnu11;
				GCC_NO_COMMON_BLOCKS = YES;
				GCC_WARN_64_TO_32_BIT_CONVERSION = YES;
				GCC_WARN_ABOUT_RETURN_TYPE = YES_ERROR;
				GCC_WARN_UNDECLARED_SELECTOR = YES;
				GCC_WARN_UNINITIALIZED_AUTOS = YES_AGGRESSIVE;
				GCC_WARN_UNUSED_FUNCTION = YES;
				GCC_WARN_UNUSED_VARIABLE = YES;
				IPHONEOS_DEPLOYMENT_TARGET = 11.2;
				MTL_ENABLE_DEBUG_INFO = NO;
				SDKROOT = iphoneos;
				SWIFT_OPTIMIZATION_LEVEL = "-Owholemodule";
				VALIDATE_PRODUCT = YES;
			};
			name = Release;
		};
		D0DD6FCA206DBBF900D74C15 /* Debug */ = {
			isa = XCBuildConfiguration;
			buildSettings = {
				ASSETCATALOG_COMPILER_APPICON_NAME = AppIcon;
				CODE_SIGN_STYLE = Automatic;
				INFOPLIST_FILE = Photorama/Info.plist;
				LD_RUNPATH_SEARCH_PATHS = "$(inherited) @executable_path/Frameworks";
				PRODUCT_BUNDLE_IDENTIFIER = "Matt-Green.Photorama";
				PRODUCT_NAME = "$(TARGET_NAME)";
				SWIFT_VERSION = 4.0;
				TARGETED_DEVICE_FAMILY = "1,2";
			};
			name = Debug;
		};
		D0DD6FCB206DBBF900D74C15 /* Release */ = {
			isa = XCBuildConfiguration;
			buildSettings = {
				ASSETCATALOG_COMPILER_APPICON_NAME = AppIcon;
				CODE_SIGN_STYLE = Automatic;
				INFOPLIST_FILE = Photorama/Info.plist;
				LD_RUNPATH_SEARCH_PATHS = "$(inherited) @executable_path/Frameworks";
				PRODUCT_BUNDLE_IDENTIFIER = "Matt-Green.Photorama";
				PRODUCT_NAME = "$(TARGET_NAME)";
				SWIFT_VERSION = 4.0;
				TARGETED_DEVICE_FAMILY = "1,2";
			};
			name = Release;
		};
		D0DD6FCD206DBBF900D74C15 /* Debug */ = {
			isa = XCBuildConfiguration;
			buildSettings = {
				ALWAYS_EMBED_SWIFT_STANDARD_LIBRARIES = YES;
				BUNDLE_LOADER = "$(TEST_HOST)";
				CODE_SIGN_STYLE = Automatic;
				INFOPLIST_FILE = PhotoramaTests/Info.plist;
				LD_RUNPATH_SEARCH_PATHS = "$(inherited) @executable_path/Frameworks @loader_path/Frameworks";
				PRODUCT_BUNDLE_IDENTIFIER = "Matt-Green.PhotoramaTests";
				PRODUCT_NAME = "$(TARGET_NAME)";
				SWIFT_VERSION = 4.0;
				TARGETED_DEVICE_FAMILY = "1,2";
				TEST_HOST = "$(BUILT_PRODUCTS_DIR)/Photorama.app/Photorama";
			};
			name = Debug;
		};
		D0DD6FCE206DBBF900D74C15 /* Release */ = {
			isa = XCBuildConfiguration;
			buildSettings = {
				ALWAYS_EMBED_SWIFT_STANDARD_LIBRARIES = YES;
				BUNDLE_LOADER = "$(TEST_HOST)";
				CODE_SIGN_STYLE = Automatic;
				INFOPLIST_FILE = PhotoramaTests/Info.plist;
				LD_RUNPATH_SEARCH_PATHS = "$(inherited) @executable_path/Frameworks @loader_path/Frameworks";
				PRODUCT_BUNDLE_IDENTIFIER = "Matt-Green.PhotoramaTests";
				PRODUCT_NAME = "$(TARGET_NAME)";
				SWIFT_VERSION = 4.0;
				TARGETED_DEVICE_FAMILY = "1,2";
				TEST_HOST = "$(BUILT_PRODUCTS_DIR)/Photorama.app/Photorama";
			};
			name = Release;
		};
		D0DD6FD0206DBBF900D74C15 /* Debug */ = {
			isa = XCBuildConfiguration;
			buildSettings = {
				ALWAYS_EMBED_SWIFT_STANDARD_LIBRARIES = YES;
				CODE_SIGN_STYLE = Automatic;
				INFOPLIST_FILE = PhotoramaUITests/Info.plist;
				LD_RUNPATH_SEARCH_PATHS = "$(inherited) @executable_path/Frameworks @loader_path/Frameworks";
				PRODUCT_BUNDLE_IDENTIFIER = "Matt-Green.PhotoramaUITests";
				PRODUCT_NAME = "$(TARGET_NAME)";
				SWIFT_VERSION = 4.0;
				TARGETED_DEVICE_FAMILY = "1,2";
				TEST_TARGET_NAME = Photorama;
			};
			name = Debug;
		};
		D0DD6FD1206DBBF900D74C15 /* Release */ = {
			isa = XCBuildConfiguration;
			buildSettings = {
				ALWAYS_EMBED_SWIFT_STANDARD_LIBRARIES = YES;
				CODE_SIGN_STYLE = Automatic;
				INFOPLIST_FILE = PhotoramaUITests/Info.plist;
				LD_RUNPATH_SEARCH_PATHS = "$(inherited) @executable_path/Frameworks @loader_path/Frameworks";
				PRODUCT_BUNDLE_IDENTIFIER = "Matt-Green.PhotoramaUITests";
				PRODUCT_NAME = "$(TARGET_NAME)";
				SWIFT_VERSION = 4.0;
				TARGETED_DEVICE_FAMILY = "1,2";
				TEST_TARGET_NAME = Photorama;
			};
			name = Release;
		};
/* End XCBuildConfiguration section */

/* Begin XCConfigurationList section */
		D0DD6F9C206DBBF900D74C15 /* Build configuration list for PBXProject "Photorama" */ = {
			isa = XCConfigurationList;
			buildConfigurations = (
				D0DD6FC7206DBBF900D74C15 /* Debug */,
				D0DD6FC8206DBBF900D74C15 /* Release */,
			);
			defaultConfigurationIsVisible = 0;
			defaultConfigurationName = Release;
		};
		D0DD6FC9206DBBF900D74C15 /* Build configuration list for PBXNativeTarget "Photorama" */ = {
			isa = XCConfigurationList;
			buildConfigurations = (
				D0DD6FCA206DBBF900D74C15 /* Debug */,
				D0DD6FCB206DBBF900D74C15 /* Release */,
			);
			defaultConfigurationIsVisible = 0;
			defaultConfigurationName = Release;
		};
		D0DD6FCC206DBBF900D74C15 /* Build configuration list for PBXNativeTarget "PhotoramaTests" */ = {
			isa = XCConfigurationList;
			buildConfigurations = (
				D0DD6FCD206DBBF900D74C15 /* Debug */,
				D0DD6FCE206DBBF900D74C15 /* Release */,
			);
			defaultConfigurationIsVisible = 0;
			defaultConfigurationName = Release;
		};
		D0DD6FCF206DBBF900D74C15 /* Build configuration list for PBXNativeTarget "PhotoramaUITests" */ = {
			isa = XCConfigurationList;
			buildConfigurations = (
				D0DD6FD0206DBBF900D74C15 /* Debug */,
				D0DD6FD1206DBBF900D74C15 /* Release */,
			);
			defaultConfigurationIsVisible = 0;
			defaultConfigurationName = Release;
		};
/* End XCConfigurationList section */
	};
	rootObject = D0DD6F99206DBBF900D74C15 /* Project object */;
}
